{
  "name": "@collabo-hub/emails",
  "version": "0.0.1",
  "lockfileVersion": 3,
  "requires": true,
  "packages": {
    "": {
      "name": "@collabo-hub/emails",
      "version": "0.0.1",
      "dependencies": {
        "react": "^19.2.6",
        "react-email": "^6.5.0"
      },
      "devDependencies": {
        "@types/react": "^19.2.16"
      }
    },
    "../../node_modules/.pnpm/react-email@6.5.0_react-dom_c4b9578fc62ccb2c6f33f8c1375fef60/node_modules/react-email": {
      "version": "6.5.0",
      "license": "MIT",
      "dependencies": {
        "@babel/parser": "7.27.0",
        "@babel/traverse": "7.27.0",
        "@react-email/render": ">=2.0.8",
        "chokidar": "^4.0.3",
        "commander": "^13.0.0",
        "conf": "^15.0.2",
        "css-tree": "3.2.1",
        "debounce": "^2.0.0",
        "esbuild": "^0.28.0",
        "glob": "^13.0.6",
        "jiti": "2.4.2",
        "log-symbols": "^7.0.0",
        "marked": "^15.0.12",
        "mime-types": "^3.0.0",
        "normalize-path": "^3.0.0",
        "nypm": "0.6.6",
        "picospinner": "^3.0.0",
        "prismjs": "^1.30.0",
        "prompts": "2.4.2",
        "socket.io": "^4.8.1",
        "tailwindcss": "^4.1.18",
        "tsconfig-paths": "4.2.0"
      },
      "bin": {
        "email": "dist/cli/index.mjs"
      },
      "devDependencies": {
        "@react-email/render": "2.0.8",
        "@responsive-email/react-email": "0.0.4",
        "@types/babel__core": "7.20.5",
        "@types/babel__traverse": "7.20.7",
        "@types/css-tree": "2.3.11",
        "@types/mime-types": "2.1.4",
        "@types/prompts": "2.4.9",
        "@types/shelljs": "0.10.0",
        "next": "16.2.6",
        "react": "19.2.4",
        "react-dom": "19.2.4",
        "shelljs": "0.10.0",
        "shlex": "3.0.0",
        "tsx": "4.21.0",
        "typescript": "5.9.3",
        "yalc": "1.0.0-pre.53"
      },
      "engines": {
        "node": ">=20.0.0"
      },
      "peerDependencies": {
        "react": "^18.0 || ^19.0 || ^19.0.0-rc",
        "react-dom": "^18.0 || ^19.0 || ^19.0.0-rc"
      }
    },
    "../../node_modules/.pnpm/react@19.2.6/node_modules/react": {
      "version": "19.2.6",
      "license": "MIT",
      "engines": {
        "node": ">=0.10.0"
      }
    },
    "node_modules/@types/react": {
      "version": "19.2.16",
      "resolved": "https://registry.npmjs.org/@types/react/-/react-19.2.16.tgz",
      "integrity": "sha512-esJiCAnl0kfpNdE69f3So4WJUXy95dLZydX0KwK46riIHDzHM7O9Vtf9xCHW0PXIqvgqNrswl522kA/5yx+F4w==",
      "dev": true,
      "license": "MIT",
      "dependencies": {
        "csstype": "^3.2.2"
      }
    },
    "node_modules/csstype": {
      "version": "3.2.3",
      "resolved": "https://registry.npmjs.org/csstype/-/csstype-3.2.3.tgz",
      "integrity": "sha512-z1HGKcYy2xA8AGQfwrn0PAy+PB7X/GSj3UVJW9qKyn43xWa+gl5nXmU4qqLMRzWVLFC8KusUX8T/0kCiOYpAIQ==",
      "dev": true,
      "license": "MIT"
    },
    "node_modules/react": {
      "resolved": "../../node_modules/.pnpm/react@19.2.6/node_modules/react",
      "link": true
    },
    "node_modules/react-email": {
      "resolved": "../../node_modules/.pnpm/react-email@6.5.0_react-dom_c4b9578fc62ccb2c6f33f8c1375fef60/node_modules/react-email",
      "link": true
    }
  }
}
